version = 1
revision = 3
requires-python = ">=3.14"

[[package]]
name = "cheartpy"
version = "0.2.0"
source = { editable = "." }
dependencies = [
    { name = "cheartpy-io" },
    { name = "meshio" },
    { name = "numpy" },
    { name = "pytools" },
]

[package.optional-dependencies]
abaqus = [
    { name = "cheartpy-abaqus" },
]
all = [
    { name = "cheartpy-abaqus" },
    { name = "cheartpy-cl" },
    { name = "cheartpy-fe" },
    { name = "cheartpy-io" },
    { name = "cheartpy-mesh" },
    { name = "cheartpy-paraview" },
    { name = "cheartpy-vtk" },
]
fe = [
    { name = "cheartpy-fe" },
    { name = "cheartpy-mesh" },
    { name = "cheartpy-paraview" },
]
mesh = [
    { name = "cheartpy-mesh" },
]
vtu = [
    { name = "cheartpy-mesh" },
    { name = "cheartpy-paraview" },
]

[package.metadata]
requires-dist = [
    { name = "cheartpy-abaqus", marker = "extra == 'abaqus'", editable = "cheartpy-abaqus" },
    { name = "cheartpy-abaqus", marker = "extra == 'all'", editable = "cheartpy-abaqus" },
    { name = "cheartpy-cl", marker = "extra == 'all'", editable = "cheartpy-cl" },
    { name = "cheartpy-fe", marker = "extra == 'all'", editable = "cheartpy-fe" },
    { name = "cheartpy-fe", marker = "extra == 'fe'", editable = "cheartpy-fe" },
    { name = "cheartpy-io", editable = "cheartpy-io" },
    { name = "cheartpy-io", marker = "extra == 'all'", editable = "cheartpy-io" },
    { name = "cheartpy-mesh", marker = "extra == 'all'", editable = "cheartpy-mesh" },
    { name = "cheartpy-mesh", marker = "extra == 'fe'", editable = "cheartpy-mesh" },
    { name = "cheartpy-mesh", marker = "extra == 'mesh'", editable = "cheartpy-mesh" },
    { name = "cheartpy-mesh", marker = "extra == 'vtu'", editable = "cheartpy-mesh" },
    { name = "cheartpy-paraview", marker = "extra == 'all'", editable = "cheartpy-paraview" },
    { name = "cheartpy-paraview", marker = "extra == 'fe'", editable = "cheartpy-paraview" },
    { name = "cheartpy-paraview", marker = "extra == 'vtu'", editable = "cheartpy-paraview" },
    { name = "cheartpy-vtk", marker = "extra == 'all'", editable = "cheartpy-vtk" },
    { name = "meshio" },
    { name = "numpy" },
    { name = "pytools" },
]
provides-extras = ["all", "mesh", "vtu", "abaqus", "fe"]

[[package]]
name = "cheartpy-abaqus"
version = "0.0.1"
source = { editable = "cheartpy-abaqus" }
dependencies = [
    { name = "cheartpy-io" },
    { name = "cheartpy-mesh" },
    { name = "cheartpy-vtk" },
    { name = "numpy" },
    { name = "pytools" },
]

[package.metadata]
requires-dist = [
    { name = "cheartpy-io" },
    { name = "cheartpy-mesh" },
    { name = "cheartpy-vtk" },
    { name = "numpy" },
    { name = "pytools" },
]

[[package]]
name = "cheartpy-cl"
version = "0.0.1"
source = { editable = "cheartpy-cl" }
dependencies = [
    { name = "cheartpy-fe" },
    { name = "cheartpy-mesh" },
    { name = "numpy" },
    { name = "pytools" },
    { name = "scipy-stubs", extra = ["scipy"] },
]

[package.metadata]
requires-dist = [
    { name = "cheartpy-fe" },
    { name = "cheartpy-mesh" },
    { name = "numpy" },
    { name = "pytools" },
    { name = "scipy-stubs", extras = ["scipy"] },
]

[[package]]
name = "cheartpy-fe"
version = "0.0.1"
source = { editable = "cheartpy-fe" }
dependencies = [
    { name = "numpy" },
    { name = "pytools" },
]

[package.metadata]
requires-dist = [
    { name = "numpy" },
    { name = "pytools" },
]

[[package]]
name = "cheartpy-io"
version = "0.0.1"
source = { editable = "cheartpy-io" }
dependencies = [
    { name = "numpy" },
    { name = "pytools" },
]

[package.metadata]
requires-dist = [
    { name = "numpy" },
    { name = "pytools" },
]

[[package]]
name = "cheartpy-mesh"
version = "0.0.1"
source = { editable = "cheartpy-mesh" }
dependencies = [
    { name = "cheartpy-io" },
    { name = "cheartpy-vtk" },
    { name = "meshio" },
    { name = "numpy" },
    { name = "pytools" },
]

[package.metadata]
requires-dist = [
    { name = "cheartpy-io" },
    { name = "cheartpy-vtk" },
    { name = "meshio" },
    { name = "numpy" },
    { name = "pytools" },
]

[[package]]
name = "cheartpy-paraview"
version = "0.0.1"
source = { editable = "cheartpy-paraview" }
dependencies = [
    { name = "cheartpy-io" },
    { name = "cheartpy-vtk" },
    { name = "numpy" },
    { name = "pytools" },
]

[package.metadata]
requires-dist = [
    { name = "cheartpy-io" },
    { name = "cheartpy-vtk" },
    { name = "numpy" },
    { name = "pytools" },
]

[[package]]
name = "cheartpy-vtk"
version = "0.0.1"
source = { editable = "cheartpy-vtk" }
dependencies = [
    { name = "numpy" },
    { name = "pytools" },
]

[package.metadata]
requires-dist = [
    { name = "numpy" },
    { name = "pytools" },
]

[[package]]
name = "markdown-it-py"
version = "3.0.0"
source = { registry = "https://pypi.org/simple" }
dependencies = [
    { name = "mdurl" },
]
sdist = { url = "https://files.pythonhosted.org/packages/38/71/3b932df36c1a044d397a1f92d1cf91ee0a503d91e470cbd670aa66b07ed0/markdown-it-py-3.0.0.tar.gz", hash = "sha256:e3f60a94fa066dc52ec76661e37c851cb232d92f9886b15cb560aaada2df8feb", size = 74596, upload-time = "2023-06-03T06:41:14.443Z" }
wheels = [
    { url = "https://files.pythonhosted.org/packages/42/d7/1ec15b46af6af88f19b8e5ffea08fa375d433c998b8a7639e76935c14f1f/markdown_it_py-3.0.0-py3-none-any.whl", hash = "sha256:355216845c60bd96232cd8d8c40e8f9765cc86f46880e43a8fd22dc1a1a8cab1", size = 87528, upload-time = "2023-06-03T06:41:11.019Z" },
]

[[package]]
name = "mdurl"
version = "0.1.2"
source = { registry = "https://pypi.org/simple" }
sdist = { url = "https://files.pythonhosted.org/packages/d6/54/cfe61301667036ec958cb99bd3efefba235e65cdeb9c84d24a8293ba1d90/mdurl-0.1.2.tar.gz", hash = "sha256:bb413d29f5eea38f31dd4754dd7377d4465116fb207585f97bf925588687c1ba", size = 8729, upload-time = "2022-08-14T12:40:10.846Z" }
wheels = [
    { url = "https://files.pythonhosted.org/packages/b3/38/89ba8ad64ae25be8de66a6d463314cf1eb366222074cfda9ee839c56a4b4/mdurl-0.1.2-py3-none-any.whl", hash = "sha256:84008a41e51615a49fc9966191ff91509e3c40b939176e643fd50a5c2196b8f8", size = 9979, upload-time = "2022-08-14T12:40:09.779Z" },
]

[[package]]
name = "meshio"
version = "5.3.5"
source = { registry = "https://pypi.org/simple" }
dependencies = [
    { name = "numpy" },
    { name = "rich" },
]
sdist = { url = "https://files.pythonhosted.org/packages/20/1e/caa4f15c020de3e3486b4133ca689236bd3863a3d6dd0f58e97ce86a296a/meshio-5.3.5.tar.gz", hash = "sha256:f21f01abd9f29ba06ea119304b3d39e610421cfe93b9dd23362834919f87586d", size = 490922, upload-time = "2024-01-31T15:09:41.731Z" }
wheels = [
    { url = "https://files.pythonhosted.org/packages/89/5f/39cbadc320cd78f4834b0a9f7a2fa3c980dca942bf193f315837eacb8870/meshio-5.3.5-py3-none-any.whl", hash = "sha256:0736c6e34ecc768f62f2cde5d8233a3529512a9399b25c68ea2ca0d5900cdc10", size = 166162, upload-time = "2024-01-31T15:09:36.691Z" },
]

[[package]]
name = "numpy"
version = "2.3.1"
source = { registry = "https://pypi.org/simple" }
sdist = { url = "https://files.pythonhosted.org/packages/2e/19/d7c972dfe90a353dbd3efbbe1d14a5951de80c99c9dc1b93cd998d51dc0f/numpy-2.3.1.tar.gz", hash = "sha256:1ec9ae20a4226da374362cca3c62cd753faf2f951440b0e3b98e93c235441d2b", size = 20390372, upload-time = "2025-06-21T12:28:33.469Z" }

[[package]]
name = "numpy-typing-compat"
version = "20251206.2.3"
source = { registry = "https://pypi.org/simple" }
dependencies = [
    { name = "numpy" },
]
sdist = { url = "https://files.pythonhosted.org/packages/77/83/dd90774d6685664cbe5525645a50c4e6c7454207aee552918790e879137f/numpy_typing_compat-20251206.2.3.tar.gz", hash = "sha256:18e00e0f4f2040fe98574890248848c7c6831a975562794da186cf4f3c90b935", size = 5009, upload-time = "2025-12-06T20:02:04.177Z" }
wheels = [
    { url = "https://files.pythonhosted.org/packages/48/6f/dde8e2a79a3b6cbc31bc1037c1a1dbc07c90d52d946851bd7cba67e730a8/numpy_typing_compat-20251206.2.3-py3-none-any.whl", hash = "sha256:bfa2e4c4945413e84552cbd34a6d368c88a06a54a896e77ced760521b08f0f61", size = 6300, upload-time = "2025-12-06T20:01:56.664Z" },
]

[[package]]
name = "optype"
version = "0.15.0"
source = { registry = "https://pypi.org/simple" }
sdist = { url = "https://files.pythonhosted.org/packages/d7/93/6b9e43138ce36fbad134bd1a50460a7bbda61105b5a964e4cf773fe4d845/optype-0.15.0.tar.gz", hash = "sha256:457d6ca9e7da19967ec16d42bdf94e240b33b5d70a56fbbf5b427e5ea39cf41e", size = 99978, upload-time = "2025-12-08T12:32:41.422Z" }
wheels = [
    { url = "https://files.pythonhosted.org/packages/07/8b/93f6c496fc5da062fd7e7c4745b5a8dd09b7b576c626075844fe97951a7d/optype-0.15.0-py3-none-any.whl", hash = "sha256:caba40ece9ea39b499fa76c036a82e0d452a432dd4dd3e8e0d30892be2e8c76c", size = 88716, upload-time = "2025-12-08T12:32:39.669Z" },
]

[package.optional-dependencies]
numpy = [
    { name = "numpy" },
    { name = "numpy-typing-compat" },
]

[[package]]
name = "platformdirs"
version = "4.5.1"
source = { registry = "https://pypi.org/simple" }
sdist = { url = "https://files.pythonhosted.org/packages/cf/86/0248f086a84f01b37aaec0fa567b397df1a119f73c16f6c7a9aac73ea309/platformdirs-4.5.1.tar.gz", hash = "sha256:61d5cdcc6065745cdd94f0f878977f8de9437be93de97c1c12f853c9c0cdcbda", size = 21715, upload-time = "2025-12-05T13:52:58.638Z" }
wheels = [
    { url = "https://files.pythonhosted.org/packages/cb/28/3bfe2fa5a7b9c46fe7e13c97bda14c895fb10fa2ebf1d0abb90e0cea7ee1/platformdirs-4.5.1-py3-none-any.whl", hash = "sha256:d03afa3963c806a9bed9d5125c8f4cb2fdaf74a55ab60e5d59b3fde758104d31", size = 18731, upload-time = "2025-12-05T13:52:56.823Z" },
]

[[package]]
name = "pygments"
version = "2.19.2"
source = { registry = "https://pypi.org/simple" }
sdist = { url = "https://files.pythonhosted.org/packages/b0/77/a5b8c569bf593b0140bde72ea885a803b82086995367bf2037de0159d924/pygments-2.19.2.tar.gz", hash = "sha256:636cb2477cec7f8952536970bc533bc43743542f70392ae026374600add5b887", size = 4968631, upload-time = "2025-06-21T13:39:12.283Z" }
wheels = [
    { url = "https://files.pythonhosted.org/packages/c7/21/705964c7812476f378728bdf590ca4b771ec72385c533964653c68e86bdc/pygments-2.19.2-py3-none-any.whl", hash = "sha256:86540386c03d588bb81d44bc3928634ff26449851e99741617ecb9037ee5ec0b", size = 1225217, upload-time = "2025-06-21T13:39:07.939Z" },
]

[[package]]
name = "pytools"
version = "2025.2.5"
source = { registry = "https://pypi.org/simple" }
dependencies = [
    { name = "platformdirs" },
    { name = "siphash24" },
    { name = "typing-extensions" },
]
sdist = { url = "https://files.pythonhosted.org/packages/c3/7b/f885a57e61ded45b5b10ca60f0b7575c9fb9a282e7513d0e23a33ee647e1/pytools-2025.2.5.tar.gz", hash = "sha256:a7f5350644d46d98ee9c7e67b4b41693308aa0f5e9b188d8f0694b27dc94e3a2", size = 85594, upload-time = "2025-10-07T15:53:30.49Z" }
wheels = [
    { url = "https://files.pythonhosted.org/packages/f6/84/c42c29ca4bff35baa286df70b0097e0b1c88fd57e8e6bdb09cb161a6f3c1/pytools-2025.2.5-py3-none-any.whl", hash = "sha256:42e93751ec425781e103bbcd769ba35ecbacd43339c2905401608f2fdc30cf19", size = 98811, upload-time = "2025-10-07T15:53:29.089Z" },
]

[[package]]
name = "rich"
version = "14.0.0"
source = { registry = "https://pypi.org/simple" }
dependencies = [
    { name = "markdown-it-py" },
    { name = "pygments" },
]
sdist = { url = "https://files.pythonhosted.org/packages/a1/53/830aa4c3066a8ab0ae9a9955976fb770fe9c6102117c8ec4ab3ea62d89e8/rich-14.0.0.tar.gz", hash = "sha256:82f1bc23a6a21ebca4ae0c45af9bdbc492ed20231dcb63f297d6d1021a9d5725", size = 224078, upload-time = "2025-03-30T14:15:14.23Z" }
wheels = [
    { url = "https://files.pythonhosted.org/packages/0d/9b/63f4c7ebc259242c89b3acafdb37b41d1185c07ff0011164674e9076b491/rich-14.0.0-py3-none-any.whl", hash = "sha256:1c9491e1951aac09caffd42f448ee3d04e58923ffe14993f6e83068dc395d7e0", size = 243229, upload-time = "2025-03-30T14:15:12.283Z" },
]

[[package]]
name = "scipy"
version = "1.17.0"
source = { registry = "https://pypi.org/simple" }
dependencies = [
    { name = "numpy" },
]
sdist = { url = "https://files.pythonhosted.org/packages/56/3e/9cca699f3486ce6bc12ff46dc2031f1ec8eb9ccc9a320fdaf925f1417426/scipy-1.17.0.tar.gz", hash = "sha256:2591060c8e648d8b96439e111ac41fd8342fdeff1876be2e19dea3fe8930454e", size = 30396830, upload-time = "2026-01-10T21:34:23.009Z" }
wheels = [
    { url = "https://files.pythonhosted.org/packages/1a/2d/51006cd369b8e7879e1c630999a19d1fbf6f8b5ed3e33374f29dc87e53b3/scipy-1.17.0-cp314-cp314-macosx_10_14_x86_64.whl", hash = "sha256:c17514d11b78be8f7e6331b983a65a7f5ca1fd037b95e27b280921fe5606286a", size = 31346803, upload-time = "2026-01-10T21:28:57.24Z" },
    { url = "https://files.pythonhosted.org/packages/d6/2e/2349458c3ce445f53a6c93d4386b1c4c5c0c540917304c01222ff95ff317/scipy-1.17.0-cp314-cp314-macosx_12_0_arm64.whl", hash = "sha256:4e00562e519c09da34c31685f6acc3aa384d4d50604db0f245c14e1b4488bfa2", size = 27967182, upload-time = "2026-01-10T21:29:04.107Z" },
    { url = "https://files.pythonhosted.org/packages/5e/7c/df525fbfa77b878d1cfe625249529514dc02f4fd5f45f0f6295676a76528/scipy-1.17.0-cp314-cp314-macosx_14_0_arm64.whl", hash = "sha256:f7df7941d71314e60a481e02d5ebcb3f0185b8d799c70d03d8258f6c80f3d467", size = 20139125, upload-time = "2026-01-10T21:29:10.179Z" },
    { url = "https://files.pythonhosted.org/packages/33/11/fcf9d43a7ed1234d31765ec643b0515a85a30b58eddccc5d5a4d12b5f194/scipy-1.17.0-cp314-cp314-macosx_14_0_x86_64.whl", hash = "sha256:aabf057c632798832f071a8dde013c2e26284043934f53b00489f1773b33527e", size = 22443554, upload-time = "2026-01-10T21:29:15.888Z" },
    { url = "https://files.pythonhosted.org/packages/80/5c/ea5d239cda2dd3d31399424967a24d556cf409fbea7b5b21412b0fd0a44f/scipy-1.17.0-cp314-cp314-manylinux_2_27_aarch64.manylinux_2_28_aarch64.whl", hash = "sha256:a38c3337e00be6fd8a95b4ed66b5d988bac4ec888fd922c2ea9fe5fb1603dd67", size = 32757834, upload-time = "2026-01-10T21:29:23.406Z" },
    { url = "https://files.pythonhosted.org/packages/b8/7e/8c917cc573310e5dc91cbeead76f1b600d3fb17cf0969db02c9cf92e3cfa/scipy-1.17.0-cp314-cp314-manylinux_2_27_x86_64.manylinux_2_28_x86_64.whl", hash = "sha256:00fb5f8ec8398ad90215008d8b6009c9db9fa924fd4c7d6be307c6f945f9cd73", size = 34995775, upload-time = "2026-01-10T21:29:31.915Z" },
    { url = "https://files.pythonhosted.org/packages/c5/43/176c0c3c07b3f7df324e7cdd933d3e2c4898ca202b090bd5ba122f9fe270/scipy-1.17.0-cp314-cp314-musllinux_1_2_aarch64.whl", hash = "sha256:f2a4942b0f5f7c23c7cd641a0ca1955e2ae83dedcff537e3a0259096635e186b", size = 34841240, upload-time = "2026-01-10T21:29:39.995Z" },
    { url = "https://files.pythonhosted.org/packages/44/8c/d1f5f4b491160592e7f084d997de53a8e896a3ac01cd07e59f43ca222744/scipy-1.17.0-cp314-cp314-musllinux_1_2_x86_64.whl", hash = "sha256:dbf133ced83889583156566d2bdf7a07ff89228fe0c0cb727f777de92092ec6b", size = 37394463, upload-time = "2026-01-10T21:29:48.723Z" },
    { url = "https://files.pythonhosted.org/packages/9f/ec/42a6657f8d2d087e750e9a5dde0b481fd135657f09eaf1cf5688bb23c338/scipy-1.17.0-cp314-cp314-win_amd64.whl", hash = "sha256:3625c631a7acd7cfd929e4e31d2582cf00f42fcf06011f59281271746d77e061", size = 37053015, upload-time = "2026-01-10T21:30:51.418Z" },
    { url = "https://files.pythonhosted.org/packages/27/58/6b89a6afd132787d89a362d443a7bddd511b8f41336a1ae47f9e4f000dc4/scipy-1.17.0-cp314-cp314-win_arm64.whl", hash = "sha256:9244608d27eafe02b20558523ba57f15c689357c85bdcfe920b1828750aa26eb", size = 24951312, upload-time = "2026-01-10T21:30:56.771Z" },
    { url = "https://files.pythonhosted.org/packages/e9/01/f58916b9d9ae0112b86d7c3b10b9e685625ce6e8248df139d0fcb17f7397/scipy-1.17.0-cp314-cp314t-macosx_10_14_x86_64.whl", hash = "sha256:2b531f57e09c946f56ad0b4a3b2abee778789097871fc541e267d2eca081cff1", size = 31706502, upload-time = "2026-01-10T21:29:56.326Z" },
    { url = "https://files.pythonhosted.org/packages/59/8e/2912a87f94a7d1f8b38aabc0faf74b82d3b6c9e22be991c49979f0eceed8/scipy-1.17.0-cp314-cp314t-macosx_12_0_arm64.whl", hash = "sha256:13e861634a2c480bd237deb69333ac79ea1941b94568d4b0efa5db5e263d4fd1", size = 28380854, upload-time = "2026-01-10T21:30:01.554Z" },
    { url = "https://files.pythonhosted.org/packages/bd/1c/874137a52dddab7d5d595c1887089a2125d27d0601fce8c0026a24a92a0b/scipy-1.17.0-cp314-cp314t-macosx_14_0_arm64.whl", hash = "sha256:eb2651271135154aa24f6481cbae5cc8af1f0dd46e6533fb7b56aa9727b6a232", size = 20552752, upload-time = "2026-01-10T21:30:05.93Z" },
    { url = "https://files.pythonhosted.org/packages/3f/f0/7518d171cb735f6400f4576cf70f756d5b419a07fe1867da34e2c2c9c11b/scipy-1.17.0-cp314-cp314t-macosx_14_0_x86_64.whl", hash = "sha256:c5e8647f60679790c2f5c76be17e2e9247dc6b98ad0d3b065861e082c56e078d", size = 22803972, upload-time = "2026-01-10T21:30:10.651Z" },
    { url = "https://files.pythonhosted.org/packages/7c/74/3498563a2c619e8a3ebb4d75457486c249b19b5b04a30600dfd9af06bea5/scipy-1.17.0-cp314-cp314t-manylinux_2_27_aarch64.manylinux_2_28_aarch64.whl", hash = "sha256:5fb10d17e649e1446410895639f3385fd2bf4c3c7dfc9bea937bddcbc3d7b9ba", size = 32829770, upload-time = "2026-01-10T21:30:16.359Z" },
    { url = "https://files.pythonhosted.org/packages/48/d1/7b50cedd8c6c9d6f706b4b36fa8544d829c712a75e370f763b318e9638c1/scipy-1.17.0-cp314-cp314t-manylinux_2_27_x86_64.manylinux_2_28_x86_64.whl", hash = "sha256:8547e7c57f932e7354a2319fab613981cde910631979f74c9b542bb167a8b9db", size = 35051093, upload-time = "2026-01-10T21:30:22.987Z" },
    { url = "https://files.pythonhosted.org/packages/e2/82/a2d684dfddb87ba1b3ea325df7c3293496ee9accb3a19abe9429bce94755/scipy-1.17.0-cp314-cp314t-musllinux_1_2_aarch64.whl", hash = "sha256:33af70d040e8af9d5e7a38b5ed3b772adddd281e3062ff23fec49e49681c38cf", size = 34909905, upload-time = "2026-01-10T21:30:28.704Z" },
    { url = "https://files.pythonhosted.org/packages/ef/5e/e565bd73991d42023eb82bb99e51c5b3d9e2c588ca9d4b3e2cc1d3ca62a6/scipy-1.17.0-cp314-cp314t-musllinux_1_2_x86_64.whl", hash = "sha256:f9eb55bb97d00f8b7ab95cb64f873eb0bf54d9446264d9f3609130381233483f", size = 37457743, upload-time = "2026-01-10T21:30:34.819Z" },
    { url = "https://files.pythonhosted.org/packages/58/a8/a66a75c3d8f1fb2b83f66007d6455a06a6f6cf5618c3dc35bc9b69dd096e/scipy-1.17.0-cp314-cp314t-win_amd64.whl", hash = "sha256:1ff269abf702f6c7e67a4b7aad981d42871a11b9dd83c58d2d2ea624efbd1088", size = 37098574, upload-time = "2026-01-10T21:30:40.782Z" },
    { url = "https://files.pythonhosted.org/packages/56/a5/df8f46ef7da168f1bc52cd86e09a9de5c6f19cc1da04454d51b7d4f43408/scipy-1.17.0-cp314-cp314t-win_arm64.whl", hash = "sha256:031121914e295d9791319a1875444d55079885bbae5bdc9c5e0f2ee5f09d34ff", size = 25246266, upload-time = "2026-01-10T21:30:45.923Z" },
]

[[package]]
name = "scipy-stubs"
version = "1.17.0.1"
source = { registry = "https://pypi.org/simple" }
dependencies = [
    { name = "optype", extra = ["numpy"] },
]
sdist = { url = "https://files.pythonhosted.org/packages/ae/a2/7f52edf1185ffcbf26cae1adede995f923c60a3a1f366bd1cb4cbae41817/scipy_stubs-1.17.0.1.tar.gz", hash = "sha256:029ef77b3984be53a914ac90af3b78c5543af7275eb126c8cec09e7bc72f623c", size = 372323, upload-time = "2026-01-14T16:34:52.838Z" }
wheels = [
    { url = "https://files.pythonhosted.org/packages/df/7f/6b99d2f0b75738487e3127dc8fbfff04214cd29900118f5a1f945c34271f/scipy_stubs-1.17.0.1-py3-none-any.whl", hash = "sha256:235bdebce396a9bb48236525aedf04a6efa66dcca8b46105549f35f1f5c4cbb7", size = 577357, upload-time = "2026-01-14T16:34:50.907Z" },
]

[package.optional-dependencies]
scipy = [
    { name = "scipy" },
]

[[package]]
name = "siphash24"
version = "1.8"
source = { registry = "https://pypi.org/simple" }
sdist = { url = "https://files.pythonhosted.org/packages/67/a2/e049b6fccf7a94bd1b2f68b3059a7d6a7aea86a808cac80cb9ae71ab6254/siphash24-1.8.tar.gz", hash = "sha256:aa932f0af4a7335caef772fdaf73a433a32580405c41eb17ff24077944b0aa97", size = 19946, upload-time = "2025-09-02T20:42:04.856Z" }
wheels = [
    { url = "https://files.pythonhosted.org/packages/99/79/2304b63f81eff30cd7f5680ddecda780ba7ea589323d17b1ac9fdfbe4f02/siphash24-1.8-cp314-cp314-macosx_10_13_x86_64.whl", hash = "sha256:157a7432009490ecfead6953e9fd88a5f1046baaf8b911611a7384b19793147c", size = 77285, upload-time = "2025-09-02T20:41:33.391Z" },
    { url = "https://files.pythonhosted.org/packages/5a/76/a4bb15d78547f4f4db7c21ad90883f2f52494bed1aa91bc96be476a4e7f5/siphash24-1.8-cp314-cp314-macosx_11_0_arm64.whl", hash = "sha256:c699eec6649427240d337c372f94737c19b2bc4e485294b49690f3029a37dd69", size = 74370, upload-time = "2025-09-02T20:41:34.9Z" },
    { url = "https://files.pythonhosted.org/packages/7e/4f/a8bb586952ac950a321e77be565fd99d50551366c8bf425572fd38ca05e0/siphash24-1.8-cp314-cp314-manylinux2014_aarch64.manylinux_2_17_aarch64.manylinux_2_28_aarch64.whl", hash = "sha256:ecae35dd5a6e479e65395e5994d5b6ffd5f87f3b60de69d16acd02b4126388c0", size = 98332, upload-time = "2025-09-02T20:41:36.113Z" },
    { url = "https://files.pythonhosted.org/packages/33/ae/68f6a4eda2d8022eb857d6fb090f5aa02ae837b2365187a433e76dcbb64b/siphash24-1.8-cp314-cp314-manylinux2014_x86_64.manylinux_2_17_x86_64.manylinux_2_28_x86_64.whl", hash = "sha256:22b68242352a771a25b0a7cffedd584bfa61bafb83262776f42989bc4e96fe84", size = 102403, upload-time = "2025-09-02T20:41:37.371Z" },
    { url = "https://files.pythonhosted.org/packages/b5/7a/f005da994a8cc2281f7bbae74dd27fed99e7ea162b12199ecd34b47d1a03/siphash24-1.8-cp314-cp314-win32.whl", hash = "sha256:b53c0ee8393c48e949f7f3b09fa8e3095e696b5c78824c966eb4aea2d338361b", size = 64615, upload-time = "2025-09-02T20:41:38.688Z" },
    { url = "https://files.pythonhosted.org/packages/ba/16/4d9f436c957830b0b10d311f81d9258bfb0f722de14dd467d0047e9e2c72/siphash24-1.8-cp314-cp314-win_amd64.whl", hash = "sha256:8e67b7ec7406dc9d4e0394d852889269d8f903f1bc6be2e25c2cde7e92059817", size = 77999, upload-time = "2025-09-02T20:41:39.856Z" },
    { url = "https://files.pythonhosted.org/packages/8a/e7/6fa559ff1d57f2c8d7e580ccd737018038d84a83c092feafc0b93f2649b8/siphash24-1.8-cp314-cp314t-macosx_10_13_x86_64.whl", hash = "sha256:00114928872ebc899aa4b8a765766de376705c48d0d5393edd3ea80006252d61", size = 80354, upload-time = "2025-09-02T20:41:41.401Z" },
    { url = "https://files.pythonhosted.org/packages/56/44/9b9c70e216ee5bd81a1c0fce06ba88ff876bc8699f0ce38f9e6591c705c0/siphash24-1.8-cp314-cp314t-macosx_11_0_arm64.whl", hash = "sha256:1c378442ce93b6f10d6b43c494b7ad630c5540051701288848f072f97e0778c6", size = 78829, upload-time = "2025-09-02T20:41:42.551Z" },
    { url = "https://files.pythonhosted.org/packages/ee/06/65c29cdedafa0952979aec2dc5491071546a8144f78940478fecc154e9d5/siphash24-1.8-cp314-cp314t-manylinux2014_aarch64.manylinux_2_17_aarch64.manylinux_2_28_aarch64.whl", hash = "sha256:a7807bd9160e7cd44cc4e0218bb2c779d55c449070080623547ace3519733841", size = 94470, upload-time = "2025-09-02T20:41:43.76Z" },
    { url = "https://files.pythonhosted.org/packages/37/03/824bc1efe762d20a7bb755e735d295b1cffa12902e1b39fc0ccea1bdc1f5/siphash24-1.8-cp314-cp314t-manylinux2014_x86_64.manylinux_2_17_x86_64.manylinux_2_28_x86_64.whl", hash = "sha256:7e0a46994e75d144c10df26db9298dda496de5d213dc97197080db479f0283c4", size = 97417, upload-time = "2025-09-02T20:41:45.182Z" },
    { url = "https://files.pythonhosted.org/packages/85/4d/99270aabeaf0a35313c31886624a314417bfa2f9cd9d7a8a890b22d91977/siphash24-1.8-cp314-cp314t-win32.whl", hash = "sha256:0b39834ffaeb69001021db0386fd949d8d0f869e0dbd9f2e1fa7a1107aa0f80a", size = 73456, upload-time = "2025-09-02T20:41:46.721Z" },
    { url = "https://files.pythonhosted.org/packages/cc/39/a77f16ae2af3f5cdc4de5de6aa37a23c8a66121b225819108ef818896c56/siphash24-1.8-cp314-cp314t-win_amd64.whl", hash = "sha256:32753439fe9faaaa19ef64eaee9e3e049cd90de2d04c9ff635d8f38c2130da54", size = 91094, upload-time = "2025-09-02T20:41:47.942Z" },
]

[[package]]
name = "typing-extensions"
version = "4.15.0"
source = { registry = "https://pypi.org/simple" }
sdist = { url = "https://files.pythonhosted.org/packages/72/94/1a15dd82efb362ac84269196e94cf00f187f7ed21c242792a923cdb1c61f/typing_extensions-4.15.0.tar.gz", hash = "sha256:0cea48d173cc12fa28ecabc3b837ea3cf6f38c6d1136f85cbaaf598984861466", size = 109391, upload-time = "2025-08-25T13:49:26.313Z" }
wheels = [
    { url = "https://files.pythonhosted.org/packages/18/67/36e9267722cc04a6b9f15c7f3441c2363321a3ea07da7ae0c0707beb2a9c/typing_extensions-4.15.0-py3-none-any.whl", hash = "sha256:f0fa19c6845758ab08074a0cfa8b7aecb71c999ca73d62883bc25cc018c4e548", size = 44614, upload-time = "2025-08-25T13:49:24.86Z" },
]
